
Microsoft Visual Studio Solution File, Format Version 12.00
# Visual Studio Version 17
VisualStudioVersion = 17.11.35219.272
MinimumVisualStudioVersion = 10.0.40219.1
Project("{FAE04EC0-301F-11D3-BF4B-00C04F79EFBC}") = "TeenAstroASCOM_V7", "TeenAstroASCOM_V7\TeenAstroASCOM_V7.csproj", "{C708E487-E3A9-4073-A545-294B88674225}"
EndProject
Project("{FAE04EC0-301F-11D3-BF4B-00C04F79EFBC}") = "TeenAstroASCOM_V7.Tests", "TeenAstroASCOM_V7.Tests\TeenAstroASCOM_V7.Tests.csproj", "{A1B2C3D4-E5F6-7890-ABCD-EF1234567890}"
EndProject
Project("{FAE04EC0-301F-11D3-BF4B-00C04F79EFBC}") = "TeenAstroASCOM_V7_TcpConnectivityTest", "TeenAstroASCOM_V7_TcpConnectivityTest\TeenAstroASCOM_V7_TcpConnectivityTest.csproj", "{EAFB59BD-2B7B-46BA-B142-6336F82E445B}"
EndProject
Project("{FAE04EC0-301F-11D3-BF4B-00C04F79EFBC}") = "TeenAstroASCOM_V7.DriverVerification", "TeenAstroASCOM_V7.DriverVerification\TeenAstroASCOM_V7.DriverVerification.csproj", "{8D1BFFF4-2420-449D-9F0A-FB0E970E757B}"
EndProject
Global
	GlobalSection(SolutionConfigurationPlatforms) = preSolution
		Debug|Any CPU = Debug|Any CPU
		Debug|x64 = Debug|x64
		Debug|x86 = Debug|x86
		Release|Any CPU = Release|Any CPU
		Release|x64 = Release|x64
		Release|x86 = Release|x86
	EndGlobalSection
	GlobalSection(ProjectConfigurationPlatforms) = postSolution
		{C708E487-E3A9-4073-A545-294B88674225}.Debug|Any CPU.ActiveCfg = Debug|Any CPU
		{C708E487-E3A9-4073-A545-294B88674225}.Debug|Any CPU.Build.0 = Debug|Any CPU
		{C708E487-E3A9-4073-A545-294B88674225}.Debug|x64.ActiveCfg = Debug|Any CPU
		{C708E487-E3A9-4073-A545-294B88674225}.Debug|x64.Build.0 = Debug|Any CPU
		{C708E487-E3A9-4073-A545-294B88674225}.Debug|x86.ActiveCfg = Debug|Any CPU
		{C708E487-E3A9-4073-A545-294B88674225}.Debug|x86.Build.0 = Debug|Any CPU
		{C708E487-E3A9-4073-A545-294B88674225}.Release|Any CPU.ActiveCfg = Release|Any CPU
		{C708E487-E3A9-4073-A545-294B88674225}.Release|Any CPU.Build.0 = Release|Any CPU
		{C708E487-E3A9-4073-A545-294B88674225}.Release|x64.ActiveCfg = Release|Any CPU
		{C708E487-E3A9-4073-A545-294B88674225}.Release|x64.Build.0 = Release|Any CPU
		{C708E487-E3A9-4073-A545-294B88674225}.Release|x86.ActiveCfg = Release|Any CPU
		{C708E487-E3A9-4073-A545-294B88674225}.Release|x86.Build.0 = Release|Any CPU
		{A1B2C3D4-E5F6-7890-ABCD-EF1234567890}.Debug|Any CPU.ActiveCfg = Debug|Any CPU
		{A1B2C3D4-E5F6-7890-ABCD-EF1234567890}.Debug|Any CPU.Build.0 = Debug|Any CPU
		{A1B2C3D4-E5F6-7890-ABCD-EF1234567890}.Debug|x64.ActiveCfg = Debug|Any CPU
		{A1B2C3D4-E5F6-7890-ABCD-EF1234567890}.Debug|x64.Build.0 = Debug|Any CPU
		{A1B2C3D4-E5F6-7890-ABCD-EF1234567890}.Debug|x86.ActiveCfg = Debug|Any CPU
		{A1B2C3D4-E5F6-7890-ABCD-EF1234567890}.Debug|x86.Build.0 = Debug|Any CPU
		{A1B2C3D4-E5F6-7890-ABCD-EF1234567890}.Release|Any CPU.ActiveCfg = Release|Any CPU
		{A1B2C3D4-E5F6-7890-ABCD-EF1234567890}.Release|Any CPU.Build.0 = Release|Any CPU
		{A1B2C3D4-E5F6-7890-ABCD-EF1234567890}.Release|x64.ActiveCfg = Release|Any CPU
		{A1B2C3D4-E5F6-7890-ABCD-EF1234567890}.Release|x64.Build.0 = Release|Any CPU
		{A1B2C3D4-E5F6-7890-ABCD-EF1234567890}.Release|x86.ActiveCfg = Release|Any CPU
		{A1B2C3D4-E5F6-7890-ABCD-EF1234567890}.Release|x86.Build.0 = Release|Any CPU
		{EAFB59BD-2B7B-46BA-B142-6336F82E445B}.Debug|Any CPU.ActiveCfg = Debug|Any CPU
		{EAFB59BD-2B7B-46BA-B142-6336F82E445B}.Debug|Any CPU.Build.0 = Debug|Any CPU
		{EAFB59BD-2B7B-46BA-B142-6336F82E445B}.Debug|x64.ActiveCfg = Debug|Any CPU
		{EAFB59BD-2B7B-46BA-B142-6336F82E445B}.Debug|x64.Build.0 = Debug|Any CPU
		{EAFB59BD-2B7B-46BA-B142-6336F82E445B}.Debug|x86.ActiveCfg = Debug|Any CPU
		{EAFB59BD-2B7B-46BA-B142-6336F82E445B}.Debug|x86.Build.0 = Debug|Any CPU
		{EAFB59BD-2B7B-46BA-B142-6336F82E445B}.Release|Any CPU.ActiveCfg = Release|Any CPU
		{EAFB59BD-2B7B-46BA-B142-6336F82E445B}.Release|Any CPU.Build.0 = Release|Any CPU
		{EAFB59BD-2B7B-46BA-B142-6336F82E445B}.Release|x64.ActiveCfg = Release|Any CPU
		{EAFB59BD-2B7B-46BA-B142-6336F82E445B}.Release|x64.Build.0 = Release|Any CPU
		{EAFB59BD-2B7B-46BA-B142-6336F82E445B}.Release|x86.ActiveCfg = Release|Any CPU
		{EAFB59BD-2B7B-46BA-B142-6336F82E445B}.Release|x86.Build.0 = Release|Any CPU
		{8D1BFFF4-2420-449D-9F0A-FB0E970E757B}.Debug|Any CPU.ActiveCfg = Debug|Any CPU
		{8D1BFFF4-2420-449D-9F0A-FB0E970E757B}.Debug|Any CPU.Build.0 = Debug|Any CPU
		{8D1BFFF4-2420-449D-9F0A-FB0E970E757B}.Debug|x64.ActiveCfg = Debug|Any CPU
		{8D1BFFF4-2420-449D-9F0A-FB0E970E757B}.Debug|x64.Build.0 = Debug|Any CPU
		{8D1BFFF4-2420-449D-9F0A-FB0E970E757B}.Debug|x86.ActiveCfg = Debug|Any CPU
		{8D1BFFF4-2420-449D-9F0A-FB0E970E757B}.Debug|x86.Build.0 = Debug|Any CPU
		{8D1BFFF4-2420-449D-9F0A-FB0E970E757B}.Release|Any CPU.ActiveCfg = Release|Any CPU
		{8D1BFFF4-2420-449D-9F0A-FB0E970E757B}.Release|Any CPU.Build.0 = Release|Any CPU
		{8D1BFFF4-2420-449D-9F0A-FB0E970E757B}.Release|x64.ActiveCfg = Release|Any CPU
		{8D1BFFF4-2420-449D-9F0A-FB0E970E757B}.Release|x64.Build.0 = Release|Any CPU
		{8D1BFFF4-2420-449D-9F0A-FB0E970E757B}.Release|x86.ActiveCfg = Release|Any CPU
		{8D1BFFF4-2420-449D-9F0A-FB0E970E757B}.Release|x86.Build.0 = Release|Any CPU
	EndGlobalSection
	GlobalSection(SolutionProperties) = preSolution
		HideSolutionNode = FALSE
	EndGlobalSection
	GlobalSection(ExtensibilityGlobals) = postSolution
		SolutionGuid = {BB2ADBCE-E373-462D-9EBE-833C09215D53}
	EndGlobalSection
EndGlobal
