<?xml version="1.0" encoding="utf-8"?>
<Project ToolsVersion="4.0" xmlns="http://schemas.microsoft.com/developer/msbuild/2003">
  <ItemGroup>
    <Filter Include="Source Files">
      <UniqueIdentifier>{4FC737F1-C7A5-4376-A066-2A32D752A2FF}</UniqueIdentifier>
      <Extensions>cpp;c;cc;cxx;def;odl;idl;hpj;bat;asm;asmx</Extensions>
    </Filter>
    <Filter Include="Header Files">
      <UniqueIdentifier>{93995380-89BD-4b04-88EB-625FBE52EBFB}</UniqueIdentifier>
      <Extensions>h;hh;hpp;hxx;hm;inl;inc;xsd</Extensions>
    </Filter>
    <Filter Include="Resource Files">
      <UniqueIdentifier>{67DA6AB6-F800-4c08-8B7A-83BB121AAD01}</UniqueIdentifier>
      <Extensions>rc;ico;cur;bmp;dlg;rc2;rct;bin;rgs;gif;jpg;jpeg;jpe;resx;tiff;tif;png;wav;mfcribbon-ms</Extensions>
    </Filter>
  </ItemGroup>
  <ItemGroup>
    <None Include="TeenAstro.ino" />
    <None Include="Astro.ino" />
    <None Include="Command.ino" />
    <None Include="Command_Focuser.ino" />
    <None Include="Command_G.ino" />
    <None Include="Command_GNSS.ino" />
    <None Include="Command_L.ino" />
    <None Include="Command_M.ino" />
    <None Include="Command_others.ino" />
    <None Include="Command_S.ino" />
    <None Include="Goto.ino" />
    <None Include="Guide.ino" />
    <None Include="Home.ino" />
    <None Include="Limit.ino" />
    <None Include="Move.ino" />
    <None Include="MoveTo.ino" />
    <None Include="Park.ino" />
    <None Include="Serial.ino" />
    <None Include="Timer.ino" />
  </ItemGroup>
  <ItemGroup>
    <ClInclude Include="__vm\.TeenAstro.vsarduino.h">
      <Filter>Header Files</Filter>
    </ClInclude>
    <ClInclude Include="Command.h">
      <Filter>Header Files</Filter>
    </ClInclude>
    <ClInclude Include="Config.TeenAstro.h">
      <Filter>Header Files</Filter>
    </ClInclude>
    <ClInclude Include="EEPROM_adress.h">
      <Filter>Header Files</Filter>
    </ClInclude>
    <ClInclude Include="FirmwareDef.h">
      <Filter>Header Files</Filter>
    </ClInclude>
    <ClInclude Include="FPoint.h">
      <Filter>Header Files</Filter>
    </ClInclude>
    <ClInclude Include="Global.h">
      <Filter>Header Files</Filter>
    </ClInclude>
    <ClInclude Include="Pins.TeenAstro.h">
      <Filter>Header Files</Filter>
    </ClInclude>
    <ClInclude Include="timerLoop.hpp">
      <Filter>Header Files</Filter>
    </ClInclude>
    <ClInclude Include="ValueToString.h">
      <Filter>Header Files</Filter>
    </ClInclude>
    <ClInclude Include="TelTimer.hpp">
      <Filter>Header Files</Filter>
    </ClInclude>
    <ClInclude Include="Site.hpp">
      <Filter>Header Files</Filter>
    </ClInclude>
    <ClInclude Include="XEEPROM.hpp">
      <Filter>Header Files</Filter>
    </ClInclude>
  </ItemGroup>
  <ItemGroup>
    <ClCompile Include="ValueToString.cpp">
      <Filter>Source Files</Filter>
    </ClCompile>
  </ItemGroup>
</Project>